// !$*UTF8*$!
{
	archiveVersion = 1;
	classes = {
	};
	objectVersion = 56;
	objects = {

/* Begin PBXBuildFile section */
		FE504860299E39ED00F07956 /* Scene.swift in Sources */ = {isa = PBXBuildFile; fileRef = FE50485F299E39ED00F07956 /* Scene.swift */; };
		FE504862299E3B2000F07956 /* SandboxScene.swift in Sources */ = {isa = PBXBuildFile; fileRef = FE504861299E3B2000F07956 /* SandboxScene.swift */; };
		FE504865299E7F3F00F07956 /* SceneManager.swift in Sources */ = {isa = PBXBuildFile; fileRef = FE504864299E7F3F00F07956 /* SceneManager.swift */; };
		FE504868299E86E300F07956 /* Keyboard.swift in Sources */ = {isa = PBXBuildFile; fileRef = FE504867299E86E300F07956 /* Keyboard.swift */; };
		FE50486A299E883200F07956 /* KeyCodes.swift in Sources */ = {isa = PBXBuildFile; fileRef = FE504869299E883200F07956 /* KeyCodes.swift */; };
		FE50486C299E8A0900F07956 /* Mouse.swift in Sources */ = {isa = PBXBuildFile; fileRef = FE50486B299E8A0900F07956 /* Mouse.swift */; };
		FE50486F29A01BF900F07956 /* Camera.swift in Sources */ = {isa = PBXBuildFile; fileRef = FE50486E29A01BF900F07956 /* Camera.swift */; };
		FE50487129A01CD400F07956 /* DebugCamera.swift in Sources */ = {isa = PBXBuildFile; fileRef = FE50487029A01CD400F07956 /* DebugCamera.swift */; };
		FE50487329A0249500F07956 /* CameraManager.swift in Sources */ = {isa = PBXBuildFile; fileRef = FE50487229A0249500F07956 /* CameraManager.swift */; };
		FE50487529A039FB00F07956 /* Cube.swift in Sources */ = {isa = PBXBuildFile; fileRef = FE50487429A039FB00F07956 /* Cube.swift */; };
		FE50487729A03BE100F07956 /* DepthStencilStateLibrary.swift in Sources */ = {isa = PBXBuildFile; fileRef = FE50487629A03BE100F07956 /* DepthStencilStateLibrary.swift */; };
		FE50487A29A0D41500F07956 /* ColorUtil.swift in Sources */ = {isa = PBXBuildFile; fileRef = FE50487929A0D41500F07956 /* ColorUtil.swift */; };
		FE50487C29A0DF9B00F07956 /* InstancedGameObject.swift in Sources */ = {isa = PBXBuildFile; fileRef = FE50487B29A0DF9B00F07956 /* InstancedGameObject.swift */; };
		FE5048A629A15A8D00F07956 /* CubeCollection.swift in Sources */ = {isa = PBXBuildFile; fileRef = FE5048A529A15A8D00F07956 /* CubeCollection.swift */; };
		FE5048AB29A1868500F07956 /* GameTime.swift in Sources */ = {isa = PBXBuildFile; fileRef = FE5048AA29A1868500F07956 /* GameTime.swift */; };
		FE5048AD29A1887500F07956 /* Library.swift in Sources */ = {isa = PBXBuildFile; fileRef = FE5048AC29A1887500F07956 /* Library.swift */; };
		FE5048AF29A1887E00F07956 /* Shader.swift in Sources */ = {isa = PBXBuildFile; fileRef = FE5048AE29A1887E00F07956 /* Shader.swift */; };
		FE5048B429A18AFD00F07956 /* Entities.swift in Sources */ = {isa = PBXBuildFile; fileRef = FE5048B329A18AFD00F07956 /* Entities.swift */; };
		FE5048B729A21F5200F07956 /* Shared.metal in Sources */ = {isa = PBXBuildFile; fileRef = FE5048B629A21F5200F07956 /* Shared.metal */; };
		FE5048B929A21F5D00F07956 /* BasicShaders.metal in Sources */ = {isa = PBXBuildFile; fileRef = FE5048B829A21F5D00F07956 /* BasicShaders.metal */; };
		FE5048BB29A21F6500F07956 /* InstancedShaders.metal in Sources */ = {isa = PBXBuildFile; fileRef = FE5048BA29A21F6500F07956 /* InstancedShaders.metal */; };
		FE5048BD29A220D100F07956 /* FragmentShaderLibrary.swift in Sources */ = {isa = PBXBuildFile; fileRef = FE5048BC29A220D100F07956 /* FragmentShaderLibrary.swift */; };
		FE5048BF29A2247C00F07956 /* Graphics.swift in Sources */ = {isa = PBXBuildFile; fileRef = FE5048BE29A2247C00F07956 /* Graphics.swift */; };
		FE5048C129A2278B00F07956 /* Quad.swift in Sources */ = {isa = PBXBuildFile; fileRef = FE5048C029A2278B00F07956 /* Quad.swift */; };
		FE5B37212958F4DD00794223 /* AppDelegate.swift in Sources */ = {isa = PBXBuildFile; fileRef = FE5B37202958F4DD00794223 /* AppDelegate.swift */; };
		FE5B37262958F4DD00794223 /* Game_Engine.xcdatamodeld in Sources */ = {isa = PBXBuildFile; fileRef = FE5B37242958F4DD00794223 /* Game_Engine.xcdatamodeld */; };
		FE5B37282958F4DE00794223 /* Assets.xcassets in Resources */ = {isa = PBXBuildFile; fileRef = FE5B37272958F4DE00794223 /* Assets.xcassets */; };
		FE5B372B2958F4DE00794223 /* Main.storyboard in Resources */ = {isa = PBXBuildFile; fileRef = FE5B37292958F4DE00794223 /* Main.storyboard */; };
		FE5B37362958F4DE00794223 /* Game_EngineTests.swift in Sources */ = {isa = PBXBuildFile; fileRef = FE5B37352958F4DE00794223 /* Game_EngineTests.swift */; };
		FE5B37402958F4DE00794223 /* Game_EngineUITests.swift in Sources */ = {isa = PBXBuildFile; fileRef = FE5B373F2958F4DE00794223 /* Game_EngineUITests.swift */; };
		FE5B37422958F4DE00794223 /* Game_EngineUITestsLaunchTests.swift in Sources */ = {isa = PBXBuildFile; fileRef = FE5B37412958F4DE00794223 /* Game_EngineUITestsLaunchTests.swift */; };
		FE5B37502958F72A00794223 /* GameView.swift in Sources */ = {isa = PBXBuildFile; fileRef = FE5B374F2958F72A00794223 /* GameView.swift */; };
		FE5B375429590FE400794223 /* MetalTypes.swift in Sources */ = {isa = PBXBuildFile; fileRef = FE5B375329590FE400794223 /* MetalTypes.swift */; };
		FE5B375B295DB0BC00794223 /* Engine.swift in Sources */ = {isa = PBXBuildFile; fileRef = FE5B375A295DB0BC00794223 /* Engine.swift */; };
		FE5B375D295DB2C700794223 /* Preferences.swift in Sources */ = {isa = PBXBuildFile; fileRef = FE5B375C295DB2C700794223 /* Preferences.swift */; };
		FE5B375F295DB40400794223 /* VertexShaderLibrary.swift in Sources */ = {isa = PBXBuildFile; fileRef = FE5B375E295DB40400794223 /* VertexShaderLibrary.swift */; };
		FE5B3761295DB71700794223 /* VertexDescriptorLibrary.swift in Sources */ = {isa = PBXBuildFile; fileRef = FE5B3760295DB71700794223 /* VertexDescriptorLibrary.swift */; };
		FE5B3763295DB8C500794223 /* RenderPipelineDescriptorLibrary.swift in Sources */ = {isa = PBXBuildFile; fileRef = FE5B3762295DB8C500794223 /* RenderPipelineDescriptorLibrary.swift */; };
		FE5B3765295DBD8F00794223 /* RenderPipelineStateLibrary.swift in Sources */ = {isa = PBXBuildFile; fileRef = FE5B3764295DBD8F00794223 /* RenderPipelineStateLibrary.swift */; };
		FE5B3768295E12A900794223 /* GameObject.swift in Sources */ = {isa = PBXBuildFile; fileRef = FE5B3767295E12A900794223 /* GameObject.swift */; };
		FE5B376A295E154800794223 /* Renderer.swift in Sources */ = {isa = PBXBuildFile; fileRef = FE5B3769295E154800794223 /* Renderer.swift */; };
		FE5B376C295E2AC000794223 /* MeshLibrary.swift in Sources */ = {isa = PBXBuildFile; fileRef = FE5B376B295E2AC000794223 /* MeshLibrary.swift */; };
		FE5B376E295E309D00794223 /* Pointer.swift in Sources */ = {isa = PBXBuildFile; fileRef = FE5B376D295E309D00794223 /* Pointer.swift */; };
		FE5B3770295E314900794223 /* Node.swift in Sources */ = {isa = PBXBuildFile; fileRef = FE5B376F295E314900794223 /* Node.swift */; };
		FE5B3773295E31F000794223 /* Renderable.swift in Sources */ = {isa = PBXBuildFile; fileRef = FE5B3772295E31F000794223 /* Renderable.swift */; };
		FE5B377729662EA600794223 /* Math.swift in Sources */ = {isa = PBXBuildFile; fileRef = FE5B377629662EA600794223 /* Math.swift */; };
		FE77A2B529B1512200F4F5CE /* PartyPirateParot.png in Resources */ = {isa = PBXBuildFile; fileRef = FE77A2B429B1512200F4F5CE /* PartyPirateParot.png */; };
		FE77A2B729B1528E00F4F5CE /* TextureLibrary.swift in Sources */ = {isa = PBXBuildFile; fileRef = FE77A2B629B1528E00F4F5CE /* TextureLibrary.swift */; };
		FE77A2B929B155A300F4F5CE /* SamplerStateLibrary.swift in Sources */ = {isa = PBXBuildFile; fileRef = FE77A2B829B155A300F4F5CE /* SamplerStateLibrary.swift */; };
/* End PBXBuildFile section */

/* Begin PBXContainerItemProxy section */
		FE5B37322958F4DE00794223 /* PBXContainerItemProxy */ = {
			isa = PBXContainerItemProxy;
			containerPortal = FE5B37152958F4DD00794223 /* Project object */;
			proxyType = 1;
			remoteGlobalIDString = FE5B371C2958F4DD00794223;
			remoteInfo = "Game Engine";
		};
		FE5B373C2958F4DE00794223 /* PBXContainerItemProxy */ = {
			isa = PBXContainerItemProxy;
			containerPortal = FE5B37152958F4DD00794223 /* Project object */;
			proxyType = 1;
			remoteGlobalIDString = FE5B371C2958F4DD00794223;
			remoteInfo = "Game Engine";
		};
/* End PBXContainerItemProxy section */

/* Begin PBXFileReference section */
		FE50485F299E39ED00F07956 /* Scene.swift */ = {isa = PBXFileReference; lastKnownFileType = sourcecode.swift; path = Scene.swift; sourceTree = "<group>"; };
		FE504861299E3B2000F07956 /* SandboxScene.swift */ = {isa = PBXFileReference; lastKnownFileType = sourcecode.swift; path = SandboxScene.swift; sourceTree = "<group>"; };
		FE504864299E7F3F00F07956 /* SceneManager.swift */ = {isa = PBXFileReference; lastKnownFileType = sourcecode.swift; path = SceneManager.swift; sourceTree = "<group>"; };
		FE504867299E86E300F07956 /* Keyboard.swift */ = {isa = PBXFileReference; lastKnownFileType = sourcecode.swift; path = Keyboard.swift; sourceTree = "<group>"; };
		FE504869299E883200F07956 /* KeyCodes.swift */ = {isa = PBXFileReference; lastKnownFileType = sourcecode.swift; path = KeyCodes.swift; sourceTree = "<group>"; };
		FE50486B299E8A0900F07956 /* Mouse.swift */ = {isa = PBXFileReference; lastKnownFileType = sourcecode.swift; path = Mouse.swift; sourceTree = "<group>"; };
		FE50486E29A01BF900F07956 /* Camera.swift */ = {isa = PBXFileReference; lastKnownFileType = sourcecode.swift; path = Camera.swift; sourceTree = "<group>"; };
		FE50487029A01CD400F07956 /* DebugCamera.swift */ = {isa = PBXFileReference; lastKnownFileType = sourcecode.swift; path = DebugCamera.swift; sourceTree = "<group>"; };
		FE50487229A0249500F07956 /* CameraManager.swift */ = {isa = PBXFileReference; lastKnownFileType = sourcecode.swift; path = CameraManager.swift; sourceTree = "<group>"; };
		FE50487429A039FB00F07956 /* Cube.swift */ = {isa = PBXFileReference; lastKnownFileType = sourcecode.swift; path = Cube.swift; sourceTree = "<group>"; };
		FE50487629A03BE100F07956 /* DepthStencilStateLibrary.swift */ = {isa = PBXFileReference; lastKnownFileType = sourcecode.swift; path = DepthStencilStateLibrary.swift; sourceTree = "<group>"; };
		FE50487929A0D41500F07956 /* ColorUtil.swift */ = {isa = PBXFileReference; lastKnownFileType = sourcecode.swift; path = ColorUtil.swift; sourceTree = "<group>"; };
		FE50487B29A0DF9B00F07956 /* InstancedGameObject.swift */ = {isa = PBXFileReference; lastKnownFileType = sourcecode.swift; path = InstancedGameObject.swift; sourceTree = "<group>"; };
		FE5048A529A15A8D00F07956 /* CubeCollection.swift */ = {isa = PBXFileReference; lastKnownFileType = sourcecode.swift; path = CubeCollection.swift; sourceTree = "<group>"; };
		FE5048AA29A1868500F07956 /* GameTime.swift */ = {isa = PBXFileReference; lastKnownFileType = sourcecode.swift; path = GameTime.swift; sourceTree = "<group>"; };
		FE5048AC29A1887500F07956 /* Library.swift */ = {isa = PBXFileReference; lastKnownFileType = sourcecode.swift; path = Library.swift; sourceTree = "<group>"; };
		FE5048AE29A1887E00F07956 /* Shader.swift */ = {isa = PBXFileReference; lastKnownFileType = sourcecode.swift; path = Shader.swift; sourceTree = "<group>"; };
		FE5048B329A18AFD00F07956 /* Entities.swift */ = {isa = PBXFileReference; lastKnownFileType = sourcecode.swift; path = Entities.swift; sourceTree = "<group>"; };
		FE5048B629A21F5200F07956 /* Shared.metal */ = {isa = PBXFileReference; lastKnownFileType = sourcecode.metal; path = Shared.metal; sourceTree = "<group>"; };
		FE5048B829A21F5D00F07956 /* BasicShaders.metal */ = {isa = PBXFileReference; lastKnownFileType = sourcecode.metal; path = BasicShaders.metal; sourceTree = "<group>"; };
		FE5048BA29A21F6500F07956 /* InstancedShaders.metal */ = {isa = PBXFileReference; lastKnownFileType = sourcecode.metal; path = InstancedShaders.metal; sourceTree = "<group>"; };
		FE5048BC29A220D100F07956 /* FragmentShaderLibrary.swift */ = {isa = PBXFileReference; lastKnownFileType = sourcecode.swift; path = FragmentShaderLibrary.swift; sourceTree = "<group>"; };
		FE5048BE29A2247C00F07956 /* Graphics.swift */ = {isa = PBXFileReference; lastKnownFileType = sourcecode.swift; path = Graphics.swift; sourceTree = "<group>"; };
		FE5048C029A2278B00F07956 /* Quad.swift */ = {isa = PBXFileReference; lastKnownFileType = sourcecode.swift; path = Quad.swift; sourceTree = "<group>"; };
		FE5B371D2958F4DD00794223 /* Game Engine.app */ = {isa = PBXFileReference; explicitFileType = wrapper.application; includeInIndex = 0; path = "Game Engine.app"; sourceTree = BUILT_PRODUCTS_DIR; };
		FE5B37202958F4DD00794223 /* AppDelegate.swift */ = {isa = PBXFileReference; lastKnownFileType = sourcecode.swift; path = AppDelegate.swift; sourceTree = "<group>"; };
		FE5B37252958F4DD00794223 /* Game_Engine.xcdatamodel */ = {isa = PBXFileReference; lastKnownFileType = wrapper.xcdatamodel; path = Game_Engine.xcdatamodel; sourceTree = "<group>"; };
		FE5B37272958F4DE00794223 /* Assets.xcassets */ = {isa = PBXFileReference; lastKnownFileType = folder.assetcatalog; path = Assets.xcassets; sourceTree = "<group>"; };
		FE5B372A2958F4DE00794223 /* Base */ = {isa = PBXFileReference; lastKnownFileType = file.storyboard; name = Base; path = Base.lproj/Main.storyboard; sourceTree = "<group>"; };
		FE5B372C2958F4DE00794223 /* Game_Engine.entitlements */ = {isa = PBXFileReference; lastKnownFileType = text.plist.entitlements; path = Game_Engine.entitlements; sourceTree = "<group>"; };
		FE5B37312958F4DE00794223 /* Game EngineTests.xctest */ = {isa = PBXFileReference; explicitFileType = wrapper.cfbundle; includeInIndex = 0; path = "Game EngineTests.xctest"; sourceTree = BUILT_PRODUCTS_DIR; };
		FE5B37352958F4DE00794223 /* Game_EngineTests.swift */ = {isa = PBXFileReference; lastKnownFileType = sourcecode.swift; path = Game_EngineTests.swift; sourceTree = "<group>"; };
		FE5B373B2958F4DE00794223 /* Game EngineUITests.xctest */ = {isa = PBXFileReference; explicitFileType = wrapper.cfbundle; includeInIndex = 0; path = "Game EngineUITests.xctest"; sourceTree = BUILT_PRODUCTS_DIR; };
		FE5B373F2958F4DE00794223 /* Game_EngineUITests.swift */ = {isa = PBXFileReference; lastKnownFileType = sourcecode.swift; path = Game_EngineUITests.swift; sourceTree = "<group>"; };
		FE5B37412958F4DE00794223 /* Game_EngineUITestsLaunchTests.swift */ = {isa = PBXFileReference; lastKnownFileType = sourcecode.swift; path = Game_EngineUITestsLaunchTests.swift; sourceTree = "<group>"; };
		FE5B374F2958F72A00794223 /* GameView.swift */ = {isa = PBXFileReference; lastKnownFileType = sourcecode.swift; path = GameView.swift; sourceTree = "<group>"; };
		FE5B375329590FE400794223 /* MetalTypes.swift */ = {isa = PBXFileReference; lastKnownFileType = sourcecode.swift; path = MetalTypes.swift; sourceTree = "<group>"; };
		FE5B375A295DB0BC00794223 /* Engine.swift */ = {isa = PBXFileReference; lastKnownFileType = sourcecode.swift; path = Engine.swift; sourceTree = "<group>"; };
		FE5B375C295DB2C700794223 /* Preferences.swift */ = {isa = PBXFileReference; lastKnownFileType = sourcecode.swift; path = Preferences.swift; sourceTree = "<group>"; };
		FE5B375E295DB40400794223 /* VertexShaderLibrary.swift */ = {isa = PBXFileReference; lastKnownFileType = sourcecode.swift; path = VertexShaderLibrary.swift; sourceTree = "<group>"; };
		FE5B3760295DB71700794223 /* VertexDescriptorLibrary.swift */ = {isa = PBXFileReference; lastKnownFileType = sourcecode.swift; path = VertexDescriptorLibrary.swift; sourceTree = "<group>"; };
		FE5B3762295DB8C500794223 /* RenderPipelineDescriptorLibrary.swift */ = {isa = PBXFileReference; lastKnownFileType = sourcecode.swift; path = RenderPipelineDescriptorLibrary.swift; sourceTree = "<group>"; };
		FE5B3764295DBD8F00794223 /* RenderPipelineStateLibrary.swift */ = {isa = PBXFileReference; lastKnownFileType = sourcecode.swift; path = RenderPipelineStateLibrary.swift; sourceTree = "<group>"; };
		FE5B3767295E12A900794223 /* GameObject.swift */ = {isa = PBXFileReference; lastKnownFileType = sourcecode.swift; path = GameObject.swift; sourceTree = "<group>"; };
		FE5B3769295E154800794223 /* Renderer.swift */ = {isa = PBXFileReference; lastKnownFileType = sourcecode.swift; path = Renderer.swift; sourceTree = "<group>"; };
		FE5B376B295E2AC000794223 /* MeshLibrary.swift */ = {isa = PBXFileReference; lastKnownFileType = sourcecode.swift; path = MeshLibrary.swift; sourceTree = "<group>"; };
		FE5B376D295E309D00794223 /* Pointer.swift */ = {isa = PBXFileReference; lastKnownFileType = sourcecode.swift; path = Pointer.swift; sourceTree = "<group>"; };
		FE5B376F295E314900794223 /* Node.swift */ = {isa = PBXFileReference; lastKnownFileType = sourcecode.swift; path = Node.swift; sourceTree = "<group>"; };
		FE5B3772295E31F000794223 /* Renderable.swift */ = {isa = PBXFileReference; lastKnownFileType = sourcecode.swift; path = Renderable.swift; sourceTree = "<group>"; };
		FE5B377629662EA600794223 /* Math.swift */ = {isa = PBXFileReference; lastKnownFileType = sourcecode.swift; path = Math.swift; sourceTree = "<group>"; };
		FE77A2B429B1512200F4F5CE /* PartyPirateParot.png */ = {isa = PBXFileReference; lastKnownFileType = image.png; path = PartyPirateParot.png; sourceTree = "<group>"; };
		FE77A2B629B1528E00F4F5CE /* TextureLibrary.swift */ = {isa = PBXFileReference; lastKnownFileType = sourcecode.swift; path = TextureLibrary.swift; sourceTree = "<group>"; };
		FE77A2B829B155A300F4F5CE /* SamplerStateLibrary.swift */ = {isa = PBXFileReference; lastKnownFileType = sourcecode.swift; path = SamplerStateLibrary.swift; sourceTree = "<group>"; };
/* End PBXFileReference section */

/* Begin PBXFrameworksBuildPhase section */
		FE5B371A2958F4DD00794223 /* Frameworks */ = {
			isa = PBXFrameworksBuildPhase;
			buildActionMask = 2147483647;
			files = (
			);
			runOnlyForDeploymentPostprocessing = 0;
		};
		FE5B372E2958F4DE00794223 /* Frameworks */ = {
			isa = PBXFrameworksBuildPhase;
			buildActionMask = 2147483647;
			files = (
			);
			runOnlyForDeploymentPostprocessing = 0;
		};
		FE5B37382958F4DE00794223 /* Frameworks */ = {
			isa = PBXFrameworksBuildPhase;
			buildActionMask = 2147483647;
			files = (
			);
			runOnlyForDeploymentPostprocessing = 0;
		};
/* End PBXFrameworksBuildPhase section */

/* Begin PBXGroup section */
		FE50485E299E39CA00F07956 /* scenes */ = {
			isa = PBXGroup;
			children = (
				FE50485F299E39ED00F07956 /* Scene.swift */,
				FE504861299E3B2000F07956 /* SandboxScene.swift */,
			);
			path = scenes;
			sourceTree = "<group>";
		};
		FE504863299E7F2700F07956 /* Managers */ = {
			isa = PBXGroup;
			children = (
				FE504864299E7F3F00F07956 /* SceneManager.swift */,
				FE50487229A0249500F07956 /* CameraManager.swift */,
			);
			path = Managers;
			sourceTree = "<group>";
		};
		FE504866299E86D200F07956 /* input */ = {
			isa = PBXGroup;
			children = (
				FE504867299E86E300F07956 /* Keyboard.swift */,
				FE504869299E883200F07956 /* KeyCodes.swift */,
				FE50486B299E8A0900F07956 /* Mouse.swift */,
			);
			path = input;
			sourceTree = "<group>";
		};
		FE50486D29A01BE500F07956 /* cameras */ = {
			isa = PBXGroup;
			children = (
				FE50486E29A01BF900F07956 /* Camera.swift */,
				FE50487029A01CD400F07956 /* DebugCamera.swift */,
			);
			path = cameras;
			sourceTree = "<group>";
		};
		FE5048A729A1863F00F07956 /* maths */ = {
			isa = PBXGroup;
			children = (
				FE5B377629662EA600794223 /* Math.swift */,
			);
			path = maths;
			sourceTree = "<group>";
		};
		FE5048A829A1865400F07956 /* types */ = {
			isa = PBXGroup;
			children = (
				FE5B375329590FE400794223 /* MetalTypes.swift */,
				FE5048AC29A1887500F07956 /* Library.swift */,
				FE5048AE29A1887E00F07956 /* Shader.swift */,
			);
			path = types;
			sourceTree = "<group>";
		};
		FE5048A929A1866500F07956 /* utils */ = {
			isa = PBXGroup;
			children = (
				FE50487929A0D41500F07956 /* ColorUtil.swift */,
			);
			path = utils;
			sourceTree = "<group>";
		};
		FE5048B029A1898500F07956 /* Base */ = {
			isa = PBXGroup;
			children = (
				FE5B37292958F4DE00794223 /* Main.storyboard */,
			);
			path = Base;
			sourceTree = "<group>";
		};
		FE5048B129A18AD400F07956 /* Entities */ = {
			isa = PBXGroup;
			children = (
				FE5048B229A18AF000F07956 /* libraries */,
				FE5048B329A18AFD00F07956 /* Entities.swift */,
			);
			path = Entities;
			sourceTree = "<group>";
		};
		FE5048B229A18AF000F07956 /* libraries */ = {
			isa = PBXGroup;
			children = (
				FE5B376B295E2AC000794223 /* MeshLibrary.swift */,
				FE77A2B629B1528E00F4F5CE /* TextureLibrary.swift */,
			);
			path = libraries;
			sourceTree = "<group>";
		};
		FE5048B529A21EEA00F07956 /* Graphics */ = {
			isa = PBXGroup;
			children = (
				FE5B3757295DAFE100794223 /* shaders */,
				FE5B3756295DAFDA00794223 /* libraries */,
				FE5048BE29A2247C00F07956 /* Graphics.swift */,
			);
			path = Graphics;
			sourceTree = "<group>";
		};
		FE5B37142958F4DD00794223 = {
			isa = PBXGroup;
			children = (
				FE5B371F2958F4DD00794223 /* Game Engine */,
				FE5B37342958F4DE00794223 /* Game EngineTests */,
				FE5B373E2958F4DE00794223 /* Game EngineUITests */,
				FE5B371E2958F4DD00794223 /* Products */,
			);
			sourceTree = "<group>";
		};
		FE5B371E2958F4DD00794223 /* Products */ = {
			isa = PBXGroup;
			children = (
				FE5B371D2958F4DD00794223 /* Game Engine.app */,
				FE5B37312958F4DE00794223 /* Game EngineTests.xctest */,
				FE5B373B2958F4DE00794223 /* Game EngineUITests.xctest */,
			);
			name = Products;
			sourceTree = "<group>";
		};
		FE5B371F2958F4DD00794223 /* Game Engine */ = {
			isa = PBXGroup;
			children = (
				FE5B3755295DAFC500794223 /* Core */,
				FE5B3758295DAFE900794223 /* Display */,
				FE5048B129A18AD400F07956 /* Entities */,
				FE5B3766295E128A00794223 /* Game Shizz */,
				FE5048B529A21EEA00F07956 /* Graphics */,
				FE504863299E7F2700F07956 /* Managers */,
				FE5B374E2958F64000794223 /* Other Files */,
			);
			path = "Game Engine";
			sourceTree = "<group>";
		};
		FE5B37342958F4DE00794223 /* Game EngineTests */ = {
			isa = PBXGroup;
			children = (
				FE5B37352958F4DE00794223 /* Game_EngineTests.swift */,
			);
			path = "Game EngineTests";
			sourceTree = "<group>";
		};
		FE5B373E2958F4DE00794223 /* Game EngineUITests */ = {
			isa = PBXGroup;
			children = (
				FE5B373F2958F4DE00794223 /* Game_EngineUITests.swift */,
				FE5B37412958F4DE00794223 /* Game_EngineUITestsLaunchTests.swift */,
			);
			path = "Game EngineUITests";
			sourceTree = "<group>";
		};
		FE5B374E2958F64000794223 /* Other Files */ = {
			isa = PBXGroup;
			children = (
				FE5B37202958F4DD00794223 /* AppDelegate.swift */,
				FE5B37272958F4DE00794223 /* Assets.xcassets */,
				FE5B372C2958F4DE00794223 /* Game_Engine.entitlements */,
				FE5B37242958F4DD00794223 /* Game_Engine.xcdatamodeld */,
			);
			path = "Other Files";
			sourceTree = "<group>";
		};
		FE5B3755295DAFC500794223 /* Core */ = {
			isa = PBXGroup;
			children = (
				FE77A2B329B150D200F4F5CE /* res */,
				FE504866299E86D200F07956 /* input */,
				FE5048A729A1863F00F07956 /* maths */,
				FE5048A829A1865400F07956 /* types */,
				FE5048A929A1866500F07956 /* utils */,
				FE5B375A295DB0BC00794223 /* Engine.swift */,
				FE5048AA29A1868500F07956 /* GameTime.swift */,
				FE5B375C295DB2C700794223 /* Preferences.swift */,
			);
			path = Core;
			sourceTree = "<group>";
		};
		FE5B3756295DAFDA00794223 /* libraries */ = {
			isa = PBXGroup;
			children = (
				FE50487629A03BE100F07956 /* DepthStencilStateLibrary.swift */,
				FE5048BC29A220D100F07956 /* FragmentShaderLibrary.swift */,
				FE5B3762295DB8C500794223 /* RenderPipelineDescriptorLibrary.swift */,
				FE5B3764295DBD8F00794223 /* RenderPipelineStateLibrary.swift */,
				FE5B3760295DB71700794223 /* VertexDescriptorLibrary.swift */,
				FE5B375E295DB40400794223 /* VertexShaderLibrary.swift */,
				FE77A2B829B155A300F4F5CE /* SamplerStateLibrary.swift */,
			);
			path = libraries;
			sourceTree = "<group>";
		};
		FE5B3757295DAFE100794223 /* shaders */ = {
			isa = PBXGroup;
			children = (
				FE5048B629A21F5200F07956 /* Shared.metal */,
				FE5048B829A21F5D00F07956 /* BasicShaders.metal */,
				FE5048BA29A21F6500F07956 /* InstancedShaders.metal */,
			);
			path = shaders;
			sourceTree = "<group>";
		};
		FE5B3758295DAFE900794223 /* Display */ = {
			isa = PBXGroup;
			children = (
				FE5048B029A1898500F07956 /* Base */,
				FE5B374F2958F72A00794223 /* GameView.swift */,
				FE5B3769295E154800794223 /* Renderer.swift */,
			);
			path = Display;
			sourceTree = "<group>";
		};
		FE5B3766295E128A00794223 /* Game Shizz */ = {
			isa = PBXGroup;
			children = (
				FE50486D29A01BE500F07956 /* cameras */,
				FE50485E299E39CA00F07956 /* scenes */,
				FE5B3771295E31E200794223 /* protocols */,
				FE5B3774295E35CD00794223 /* game bbjects */,
				FE5B376F295E314900794223 /* Node.swift */,
			);
			path = "Game Shizz";
			sourceTree = "<group>";
		};
		FE5B3771295E31E200794223 /* protocols */ = {
			isa = PBXGroup;
			children = (
				FE5B3772295E31F000794223 /* Renderable.swift */,
			);
			path = protocols;
			sourceTree = "<group>";
		};
		FE5B3774295E35CD00794223 /* game bbjects */ = {
			isa = PBXGroup;
			children = (
				FE5B3767295E12A900794223 /* GameObject.swift */,
				FE50487B29A0DF9B00F07956 /* InstancedGameObject.swift */,
				FE50487429A039FB00F07956 /* Cube.swift */,
				FE5B376D295E309D00794223 /* Pointer.swift */,
				FE5048A529A15A8D00F07956 /* CubeCollection.swift */,
				FE5048C029A2278B00F07956 /* Quad.swift */,
			);
			path = "game bbjects";
			sourceTree = "<group>";
		};
		FE77A2B329B150D200F4F5CE /* res */ = {
			isa = PBXGroup;
			children = (
				FE77A2B429B1512200F4F5CE /* PartyPirateParot.png */,
			);
			path = res;
			sourceTree = "<group>";
		};
/* End PBXGroup section */

/* Begin PBXNativeTarget section */
		FE5B371C2958F4DD00794223 /* Game Engine */ = {
			isa = PBXNativeTarget;
			buildConfigurationList = FE5B37452958F4DE00794223 /* Build configuration list for PBXNativeTarget "Game Engine" */;
			buildPhases = (
				FE5B37192958F4DD00794223 /* Sources */,
				FE5B371A2958F4DD00794223 /* Frameworks */,
				FE5B371B2958F4DD00794223 /* Resources */,
			);
			buildRules = (
			);
			dependencies = (
			);
			name = "Game Engine";
			productName = "Game Engine";
			productReference = FE5B371D2958F4DD00794223 /* Game Engine.app */;
			productType = "com.apple.product-type.application";
		};
		FE5B37302958F4DE00794223 /* Game EngineTests */ = {
			isa = PBXNativeTarget;
			buildConfigurationList = FE5B37482958F4DE00794223 /* Build configuration list for PBXNativeTarget "Game EngineTests" */;
			buildPhases = (
				FE5B372D2958F4DE00794223 /* Sources */,
				FE5B372E2958F4DE00794223 /* Frameworks */,
				FE5B372F2958F4DE00794223 /* Resources */,
			);
			buildRules = (
			);
			dependencies = (
				FE5B37332958F4DE00794223 /* PBXTargetDependency */,
			);
			name = "Game EngineTests";
			productName = "Game EngineTests";
			productReference = FE5B37312958F4DE00794223 /* Game EngineTests.xctest */;
			productType = "com.apple.product-type.bundle.unit-test";
		};
		FE5B373A2958F4DE00794223 /* Game EngineUITests */ = {
			isa = PBXNativeTarget;
			buildConfigurationList = FE5B374B2958F4DE00794223 /* Build configuration list for PBXNativeTarget "Game EngineUITests" */;
			buildPhases = (
				FE5B37372958F4DE00794223 /* Sources */,
				FE5B37382958F4DE00794223 /* Frameworks */,
				FE5B37392958F4DE00794223 /* Resources */,
			);
			buildRules = (
			);
			dependencies = (
				FE5B373D2958F4DE00794223 /* PBXTargetDependency */,
			);
			name = "Game EngineUITests";
			productName = "Game EngineUITests";
			productReference = FE5B373B2958F4DE00794223 /* Game EngineUITests.xctest */;
			productType = "com.apple.product-type.bundle.ui-testing";
		};
/* End PBXNativeTarget section */

/* Begin PBXProject section */
		FE5B37152958F4DD00794223 /* Project object */ = {
			isa = PBXProject;
			attributes = {
				BuildIndependentTargetsInParallel = 1;
				LastSwiftUpdateCheck = 1420;
				LastUpgradeCheck = 1420;
				TargetAttributes = {
					FE5B371C2958F4DD00794223 = {
						CreatedOnToolsVersion = 14.2;
					};
					FE5B37302958F4DE00794223 = {
						CreatedOnToolsVersion = 14.2;
						TestTargetID = FE5B371C2958F4DD00794223;
					};
					FE5B373A2958F4DE00794223 = {
						CreatedOnToolsVersion = 14.2;
						TestTargetID = FE5B371C2958F4DD00794223;
					};
				};
			};
			buildConfigurationList = FE5B37182958F4DD00794223 /* Build configuration list for PBXProject "Game Engine" */;
			compatibilityVersion = "Xcode 14.0";
			developmentRegion = en;
			hasScannedForEncodings = 0;
			knownRegions = (
				en,
				Base,
			);
			mainGroup = FE5B37142958F4DD00794223;
			productRefGroup = FE5B371E2958F4DD00794223 /* Products */;
			projectDirPath = "";
			projectRoot = "";
			targets = (
				FE5B371C2958F4DD00794223 /* Game Engine */,
				FE5B37302958F4DE00794223 /* Game EngineTests */,
				FE5B373A2958F4DE00794223 /* Game EngineUITests */,
			);
		};
/* End PBXProject section */

/* Begin PBXResourcesBuildPhase section */
		FE5B371B2958F4DD00794223 /* Resources */ = {
			isa = PBXResourcesBuildPhase;
			buildActionMask = 2147483647;
			files = (
				FE5B37282958F4DE00794223 /* Assets.xcassets in Resources */,
				FE5B372B2958F4DE00794223 /* Main.storyboard in Resources */,
				FE77A2B529B1512200F4F5CE /* PartyPirateParot.png in Resources */,
			);
			runOnlyForDeploymentPostprocessing = 0;
		};
		FE5B372F2958F4DE00794223 /* Resources */ = {
			isa = PBXResourcesBuildPhase;
			buildActionMask = 2147483647;
			files = (
			);
			runOnlyForDeploymentPostprocessing = 0;
		};
		FE5B37392958F4DE00794223 /* Resources */ = {
			isa = PBXResourcesBuildPhase;
			buildActionMask = 2147483647;
			files = (
			);
			runOnlyForDeploymentPostprocessing = 0;
		};
/* End PBXResourcesBuildPhase section */

/* Begin PBXSourcesBuildPhase section */
		FE5B37192958F4DD00794223 /* Sources */ = {
			isa = PBXSourcesBuildPhase;
			buildActionMask = 2147483647;
			files = (
				FE5B3773295E31F000794223 /* Renderable.swift in Sources */,
				FE5B3763295DB8C500794223 /* RenderPipelineDescriptorLibrary.swift in Sources */,
				FE5B3761295DB71700794223 /* VertexDescriptorLibrary.swift in Sources */,
				FE50487A29A0D41500F07956 /* ColorUtil.swift in Sources */,
				FE504860299E39ED00F07956 /* Scene.swift in Sources */,
				FE5048B929A21F5D00F07956 /* BasicShaders.metal in Sources */,
				FE5048B429A18AFD00F07956 /* Entities.swift in Sources */,
				FE5048AB29A1868500F07956 /* GameTime.swift in Sources */,
				FE5B375D295DB2C700794223 /* Preferences.swift in Sources */,
				FE5B376C295E2AC000794223 /* MeshLibrary.swift in Sources */,
				FE5048C129A2278B00F07956 /* Quad.swift in Sources */,
				FE5048BB29A21F6500F07956 /* InstancedShaders.metal in Sources */,
				FE50487C29A0DF9B00F07956 /* InstancedGameObject.swift in Sources */,
				FE77A2B729B1528E00F4F5CE /* TextureLibrary.swift in Sources */,
				FE50487329A0249500F07956 /* CameraManager.swift in Sources */,
				FE50486C299E8A0900F07956 /* Mouse.swift in Sources */,
				FE50487129A01CD400F07956 /* DebugCamera.swift in Sources */,
				FE5048BD29A220D100F07956 /* FragmentShaderLibrary.swift in Sources */,
				FE5048B729A21F5200F07956 /* Shared.metal in Sources */,
				FE5B375F295DB40400794223 /* VertexShaderLibrary.swift in Sources */,
				FE5048AF29A1887E00F07956 /* Shader.swift in Sources */,
				FE5B376A295E154800794223 /* Renderer.swift in Sources */,
				FE50487529A039FB00F07956 /* Cube.swift in Sources */,
				FE5B375B295DB0BC00794223 /* Engine.swift in Sources */,
				FE5048AD29A1887500F07956 /* Library.swift in Sources */,
				FE50487729A03BE100F07956 /* DepthStencilStateLibrary.swift in Sources */,
				FE504865299E7F3F00F07956 /* SceneManager.swift in Sources */,
				FE77A2B929B155A300F4F5CE /* SamplerStateLibrary.swift in Sources */,
				FE5B37212958F4DD00794223 /* AppDelegate.swift in Sources */,
				FE5048BF29A2247C00F07956 /* Graphics.swift in Sources */,
				FE5B37502958F72A00794223 /* GameView.swift in Sources */,
				FE5B377729662EA600794223 /* Math.swift in Sources */,
				FE504868299E86E300F07956 /* Keyboard.swift in Sources */,
				FE5B3768295E12A900794223 /* GameObject.swift in Sources */,
				FE5B3770295E314900794223 /* Node.swift in Sources */,
				FE5B375429590FE400794223 /* MetalTypes.swift in Sources */,
				FE50486A299E883200F07956 /* KeyCodes.swift in Sources */,
				FE5048A629A15A8D00F07956 /* CubeCollection.swift in Sources */,
				FE5B37262958F4DD00794223 /* Game_Engine.xcdatamodeld in Sources */,
				FE50486F29A01BF900F07956 /* Camera.swift in Sources */,
				FE5B376E295E309D00794223 /* Pointer.swift in Sources */,
				FE504862299E3B2000F07956 /* SandboxScene.swift in Sources */,
				FE5B3765295DBD8F00794223 /* RenderPipelineStateLibrary.swift in Sources */,
			);
			runOnlyForDeploymentPostprocessing = 0;
		};
		FE5B372D2958F4DE00794223 /* Sources */ = {
			isa = PBXSourcesBuildPhase;
			buildActionMask = 2147483647;
			files = (
				FE5B37362958F4DE00794223 /* Game_EngineTests.swift in Sources */,
			);
			runOnlyForDeploymentPostprocessing = 0;
		};
		FE5B37372958F4DE00794223 /* Sources */ = {
			isa = PBXSourcesBuildPhase;
			buildActionMask = 2147483647;
			files = (
				FE5B37422958F4DE00794223 /* Game_EngineUITestsLaunchTests.swift in Sources */,
				FE5B37402958F4DE00794223 /* Game_EngineUITests.swift in Sources */,
			);
			runOnlyForDeploymentPostprocessing = 0;
		};
/* End PBXSourcesBuildPhase section */

/* Begin PBXTargetDependency section */
		FE5B37332958F4DE00794223 /* PBXTargetDependency */ = {
			isa = PBXTargetDependency;
			target = FE5B371C2958F4DD00794223 /* Game Engine */;
			targetProxy = FE5B37322958F4DE00794223 /* PBXContainerItemProxy */;
		};
		FE5B373D2958F4DE00794223 /* PBXTargetDependency */ = {
			isa = PBXTargetDependency;
			target = FE5B371C2958F4DD00794223 /* Game Engine */;
			targetProxy = FE5B373C2958F4DE00794223 /* PBXContainerItemProxy */;
		};
/* End PBXTargetDependency section */

/* Begin PBXVariantGroup section */
		FE5B37292958F4DE00794223 /* Main.storyboard */ = {
			isa = PBXVariantGroup;
			children = (
				FE5B372A2958F4DE00794223 /* Base */,
			);
			name = Main.storyboard;
			sourceTree = "<group>";
		};
/* End PBXVariantGroup section */

/* Begin XCBuildConfiguration section */
		FE5B37432958F4DE00794223 /* Debug */ = {
			isa = XCBuildConfiguration;
			buildSettings = {
				ALWAYS_SEARCH_USER_PATHS = NO;
				CLANG_ANALYZER_NONNULL = YES;
				CLANG_ANALYZER_NUMBER_OBJECT_CONVERSION = YES_AGGRESSIVE;
				CLANG_CXX_LANGUAGE_STANDARD = "gnu++20";
				CLANG_ENABLE_MODULES = YES;
				CLANG_ENABLE_OBJC_ARC = YES;
				CLANG_ENABLE_OBJC_WEAK = YES;
				CLANG_WARN_BLOCK_CAPTURE_AUTORELEASING = YES;
				CLANG_WARN_BOOL_CONVERSION = YES;
				CLANG_WARN_COMMA = YES;
				CLANG_WARN_CONSTANT_CONVERSION = YES;
				CLANG_WARN_DEPRECATED_OBJC_IMPLEMENTATIONS = YES;
				CLANG_WARN_DIRECT_OBJC_ISA_USAGE = YES_ERROR;
				CLANG_WARN_DOCUMENTATION_COMMENTS = YES;
				CLANG_WARN_EMPTY_BODY = YES;
				CLANG_WARN_ENUM_CONVERSION = YES;
				CLANG_WARN_INFINITE_RECURSION = YES;
				CLANG_WARN_INT_CONVERSION = YES;
				CLANG_WARN_NON_LITERAL_NULL_CONVERSION = YES;
				CLANG_WARN_OBJC_IMPLICIT_RETAIN_SELF = YES;
				CLANG_WARN_OBJC_LITERAL_CONVERSION = YES;
				CLANG_WARN_OBJC_ROOT_CLASS = YES_ERROR;
				CLANG_WARN_QUOTED_INCLUDE_IN_FRAMEWORK_HEADER = YES;
				CLANG_WARN_RANGE_LOOP_ANALYSIS = YES;
				CLANG_WARN_STRICT_PROTOTYPES = YES;
				CLANG_WARN_SUSPICIOUS_MOVE = YES;
				CLANG_WARN_UNGUARDED_AVAILABILITY = YES_AGGRESSIVE;
				CLANG_WARN_UNREACHABLE_CODE = YES;
				CLANG_WARN__DUPLICATE_METHOD_MATCH = YES;
				COPY_PHASE_STRIP = NO;
				DEBUG_INFORMATION_FORMAT = dwarf;
				ENABLE_STRICT_OBJC_MSGSEND = YES;
				ENABLE_TESTABILITY = YES;
				GCC_C_LANGUAGE_STANDARD = gnu11;
				GCC_DYNAMIC_NO_PIC = NO;
				GCC_NO_COMMON_BLOCKS = YES;
				GCC_OPTIMIZATION_LEVEL = 0;
				GCC_PREPROCESSOR_DEFINITIONS = (
					"DEBUG=1",
					"$(inherited)",
				);
				GCC_WARN_64_TO_32_BIT_CONVERSION = YES;
				GCC_WARN_ABOUT_RETURN_TYPE = YES_ERROR;
				GCC_WARN_UNDECLARED_SELECTOR = YES;
				GCC_WARN_UNINITIALIZED_AUTOS = YES_AGGRESSIVE;
				GCC_WARN_UNUSED_FUNCTION = YES;
				GCC_WARN_UNUSED_VARIABLE = YES;
				MACOSX_DEPLOYMENT_TARGET = 13.0;
				MTL_ENABLE_DEBUG_INFO = INCLUDE_SOURCE;
				MTL_FAST_MATH = YES;
				ONLY_ACTIVE_ARCH = YES;
				SDKROOT = macosx;
				SWIFT_ACTIVE_COMPILATION_CONDITIONS = DEBUG;
				SWIFT_OPTIMIZATION_LEVEL = "-Onone";
			};
			name = Debug;
		};
		FE5B37442958F4DE00794223 /* Release */ = {
			isa = XCBuildConfiguration;
			buildSettings = {
				ALWAYS_SEARCH_USER_PATHS = NO;
				CLANG_ANALYZER_NONNULL = YES;
				CLANG_ANALYZER_NUMBER_OBJECT_CONVERSION = YES_AGGRESSIVE;
				CLANG_CXX_LANGUAGE_STANDARD = "gnu++20";
				CLANG_ENABLE_MODULES = YES;
				CLANG_ENABLE_OBJC_ARC = YES;
				CLANG_ENABLE_OBJC_WEAK = YES;
				CLANG_WARN_BLOCK_CAPTURE_AUTORELEASING = YES;
				CLANG_WARN_BOOL_CONVERSION = YES;
				CLANG_WARN_COMMA = YES;
				CLANG_WARN_CONSTANT_CONVERSION = YES;
				CLANG_WARN_DEPRECATED_OBJC_IMPLEMENTATIONS = YES;
				CLANG_WARN_DIRECT_OBJC_ISA_USAGE = YES_ERROR;
				CLANG_WARN_DOCUMENTATION_COMMENTS = YES;
				CLANG_WARN_EMPTY_BODY = YES;
				CLANG_WARN_ENUM_CONVERSION = YES;
				CLANG_WARN_INFINITE_RECURSION = YES;
				CLANG_WARN_INT_CONVERSION = YES;
				CLANG_WARN_NON_LITERAL_NULL_CONVERSION = YES;
				CLANG_WARN_OBJC_IMPLICIT_RETAIN_SELF = YES;
				CLANG_WARN_OBJC_LITERAL_CONVERSION = YES;
				CLANG_WARN_OBJC_ROOT_CLASS = YES_ERROR;
				CLANG_WARN_QUOTED_INCLUDE_IN_FRAMEWORK_HEADER = YES;
				CLANG_WARN_RANGE_LOOP_ANALYSIS = YES;
				CLANG_WARN_STRICT_PROTOTYPES = YES;
				CLANG_WARN_SUSPICIOUS_MOVE = YES;
				CLANG_WARN_UNGUARDED_AVAILABILITY = YES_AGGRESSIVE;
				CLANG_WARN_UNREACHABLE_CODE = YES;
				CLANG_WARN__DUPLICATE_METHOD_MATCH = YES;
				COPY_PHASE_STRIP = NO;
				DEBUG_INFORMATION_FORMAT = "dwarf-with-dsym";
				ENABLE_NS_ASSERTIONS = NO;
				ENABLE_STRICT_OBJC_MSGSEND = YES;
				GCC_C_LANGUAGE_STANDARD = gnu11;
				GCC_NO_COMMON_BLOCKS = YES;
				GCC_WARN_64_TO_32_BIT_CONVERSION = YES;
				GCC_WARN_ABOUT_RETURN_TYPE = YES_ERROR;
				GCC_WARN_UNDECLARED_SELECTOR = YES;
				GCC_WARN_UNINITIALIZED_AUTOS = YES_AGGRESSIVE;
				GCC_WARN_UNUSED_FUNCTION = YES;
				GCC_WARN_UNUSED_VARIABLE = YES;
				MACOSX_DEPLOYMENT_TARGET = 13.0;
				MTL_ENABLE_DEBUG_INFO = NO;
				MTL_FAST_MATH = YES;
				SDKROOT = macosx;
				SWIFT_COMPILATION_MODE = wholemodule;
				SWIFT_OPTIMIZATION_LEVEL = "-O";
			};
			name = Release;
		};
		FE5B37462958F4DE00794223 /* Debug */ = {
			isa = XCBuildConfiguration;
			buildSettings = {
				ASSETCATALOG_COMPILER_APPICON_NAME = AppIcon;
				ASSETCATALOG_COMPILER_GLOBAL_ACCENT_COLOR_NAME = AccentColor;
				CODE_SIGN_ENTITLEMENTS = "Game Engine/Other Files/Game_Engine.entitlements";
				CODE_SIGN_STYLE = Automatic;
				COMBINE_HIDPI_IMAGES = YES;
				CURRENT_PROJECT_VERSION = 1;
				DEVELOPMENT_TEAM = BRBRML9AMG;
				ENABLE_HARDENED_RUNTIME = YES;
				GENERATE_INFOPLIST_FILE = YES;
				INFOPLIST_KEY_NSHumanReadableCopyright = "";
				INFOPLIST_KEY_NSMainStoryboardFile = Main;
				INFOPLIST_KEY_NSPrincipalClass = NSApplication;
				LD_RUNPATH_SEARCH_PATHS = (
					"$(inherited)",
					"@executable_path/../Frameworks",
				);
				MARKETING_VERSION = 1.0;
				PRODUCT_BUNDLE_IDENTIFIER = "pl.thehardway.Game-Engine";
				PRODUCT_NAME = "$(TARGET_NAME)";
				SWIFT_EMIT_LOC_STRINGS = YES;
				SWIFT_VERSION = 5.0;
			};
			name = Debug;
		};
		FE5B37472958F4DE00794223 /* Release */ = {
			isa = XCBuildConfiguration;
			buildSettings = {
				ASSETCATALOG_COMPILER_APPICON_NAME = AppIcon;
				ASSETCATALOG_COMPILER_GLOBAL_ACCENT_COLOR_NAME = AccentColor;
				CODE_SIGN_ENTITLEMENTS = "Game Engine/Other Files/Game_Engine.entitlements";
				CODE_SIGN_STYLE = Automatic;
				COMBINE_HIDPI_IMAGES = YES;
				CURRENT_PROJECT_VERSION = 1;
				DEVELOPMENT_TEAM = BRBRML9AMG;
				ENABLE_HARDENED_RUNTIME = YES;
				GENERATE_INFOPLIST_FILE = YES;
				INFOPLIST_KEY_NSHumanReadableCopyright = "";
				INFOPLIST_KEY_NSMainStoryboardFile = Main;
				INFOPLIST_KEY_NSPrincipalClass = NSApplication;
				LD_RUNPATH_SEARCH_PATHS = (
					"$(inherited)",
					"@executable_path/../Frameworks",
				);
				MARKETING_VERSION = 1.0;
				PRODUCT_BUNDLE_IDENTIFIER = "pl.thehardway.Game-Engine";
				PRODUCT_NAME = "$(TARGET_NAME)";
				SWIFT_EMIT_LOC_STRINGS = YES;
				SWIFT_VERSION = 5.0;
			};
			name = Release;
		};
		FE5B37492958F4DE00794223 /* Debug */ = {
			isa = XCBuildConfiguration;
			buildSettings = {
				ALWAYS_EMBED_SWIFT_STANDARD_LIBRARIES = YES;
				BUNDLE_LOADER = "$(TEST_HOST)";
				CODE_SIGN_STYLE = Automatic;
				CURRENT_PROJECT_VERSION = 1;
				DEVELOPMENT_TEAM = BRBRML9AMG;
				GENERATE_INFOPLIST_FILE = YES;
				MACOSX_DEPLOYMENT_TARGET = 13.0;
				MARKETING_VERSION = 1.0;
				PRODUCT_BUNDLE_IDENTIFIER = "pl.thehardway.Game-EngineTests";
				PRODUCT_NAME = "$(TARGET_NAME)";
				SWIFT_EMIT_LOC_STRINGS = NO;
				SWIFT_VERSION = 5.0;
				TEST_HOST = "$(BUILT_PRODUCTS_DIR)/Game Engine.app/$(BUNDLE_EXECUTABLE_FOLDER_PATH)/Game Engine";
			};
			name = Debug;
		};
		FE5B374A2958F4DE00794223 /* Release */ = {
			isa = XCBuildConfiguration;
			buildSettings = {
				ALWAYS_EMBED_SWIFT_STANDARD_LIBRARIES = YES;
				BUNDLE_LOADER = "$(TEST_HOST)";
				CODE_SIGN_STYLE = Automatic;
				CURRENT_PROJECT_VERSION = 1;
				DEVELOPMENT_TEAM = BRBRML9AMG;
				GENERATE_INFOPLIST_FILE = YES;
				MACOSX_DEPLOYMENT_TARGET = 13.0;
				MARKETING_VERSION = 1.0;
				PRODUCT_BUNDLE_IDENTIFIER = "pl.thehardway.Game-EngineTests";
				PRODUCT_NAME = "$(TARGET_NAME)";
				SWIFT_EMIT_LOC_STRINGS = NO;
				SWIFT_VERSION = 5.0;
				TEST_HOST = "$(BUILT_PRODUCTS_DIR)/Game Engine.app/$(BUNDLE_EXECUTABLE_FOLDER_PATH)/Game Engine";
			};
			name = Release;
		};
		FE5B374C2958F4DE00794223 /* Debug */ = {
			isa = XCBuildConfiguration;
			buildSettings = {
				ALWAYS_EMBED_SWIFT_STANDARD_LIBRARIES = YES;
				CODE_SIGN_STYLE = Automatic;
				CURRENT_PROJECT_VERSION = 1;
				DEVELOPMENT_TEAM = BRBRML9AMG;
				GENERATE_INFOPLIST_FILE = YES;
				MARKETING_VERSION = 1.0;
				PRODUCT_BUNDLE_IDENTIFIER = "pl.thehardway.Game-EngineUITests";
				PRODUCT_NAME = "$(TARGET_NAME)";
				SWIFT_EMIT_LOC_STRINGS = NO;
				SWIFT_VERSION = 5.0;
				TEST_TARGET_NAME = "Game Engine";
			};
			name = Debug;
		};
		FE5B374D2958F4DE00794223 /* Release */ = {
			isa = XCBuildConfiguration;
			buildSettings = {
				ALWAYS_EMBED_SWIFT_STANDARD_LIBRARIES = YES;
				CODE_SIGN_STYLE = Automatic;
				CURRENT_PROJECT_VERSION = 1;
				DEVELOPMENT_TEAM = BRBRML9AMG;
				GENERATE_INFOPLIST_FILE = YES;
				MARKETING_VERSION = 1.0;
				PRODUCT_BUNDLE_IDENTIFIER = "pl.thehardway.Game-EngineUITests";
				PRODUCT_NAME = "$(TARGET_NAME)";
				SWIFT_EMIT_LOC_STRINGS = NO;
				SWIFT_VERSION = 5.0;
				TEST_TARGET_NAME = "Game Engine";
			};
			name = Release;
		};
/* End XCBuildConfiguration section */

/* Begin XCConfigurationList section */
		FE5B37182958F4DD00794223 /* Build configuration list for PBXProject "Game Engine" */ = {
			isa = XCConfigurationList;
			buildConfigurations = (
				FE5B37432958F4DE00794223 /* Debug */,
				FE5B37442958F4DE00794223 /* Release */,
			);
			defaultConfigurationIsVisible = 0;
			defaultConfigurationName = Release;
		};
		FE5B37452958F4DE00794223 /* Build configuration list for PBXNativeTarget "Game Engine" */ = {
			isa = XCConfigurationList;
			buildConfigurations = (
				FE5B37462958F4DE00794223 /* Debug */,
				FE5B37472958F4DE00794223 /* Release */,
			);
			defaultConfigurationIsVisible = 0;
			defaultConfigurationName = Release;
		};
		FE5B37482958F4DE00794223 /* Build configuration list for PBXNativeTarget "Game EngineTests" */ = {
			isa = XCConfigurationList;
			buildConfigurations = (
				FE5B37492958F4DE00794223 /* Debug */,
				FE5B374A2958F4DE00794223 /* Release */,
			);
			defaultConfigurationIsVisible = 0;
			defaultConfigurationName = Release;
		};
		FE5B374B2958F4DE00794223 /* Build configuration list for PBXNativeTarget "Game EngineUITests" */ = {
			isa = XCConfigurationList;
			buildConfigurations = (
				FE5B374C2958F4DE00794223 /* Debug */,
				FE5B374D2958F4DE00794223 /* Release */,
			);
			defaultConfigurationIsVisible = 0;
			defaultConfigurationName = Release;
		};
/* End XCConfigurationList section */

/* Begin XCVersionGroup section */
		FE5B37242958F4DD00794223 /* Game_Engine.xcdatamodeld */ = {
			isa = XCVersionGroup;
			children = (
				FE5B37252958F4DD00794223 /* Game_Engine.xcdatamodel */,
			);
			currentVersion = FE5B37252958F4DD00794223 /* Game_Engine.xcdatamodel */;
			path = Game_Engine.xcdatamodeld;
			sourceTree = "<group>";
			versionGroupType = wrapper.xcdatamodel;
		};
/* End XCVersionGroup section */
	};
	rootObject = FE5B37152958F4DD00794223 /* Project object */;
}
